
Microsoft Visual Studio Solution File, Format Version 12.00
# Visual Studio Version 16
VisualStudioVersion = 16.0.29209.62
MinimumVisualStudioVersion = 10.0.40219.1
Project("{FAE04EC0-301F-11D3-BF4B-00C04F79EFBC}") = "BookParser", "BookParser\BookParser.csproj", "{48463D14-95E3-4EDF-BD8C-0333523F5F4B}"
EndProject
Project("{2150E333-8FDC-42A3-9474-1A3956D46DE8}") = "Test", "Test", "{8E87C6D9-BC8A-4650-AB9E-20C9FF331951}"
EndProject
Project("{FAE04EC0-301F-11D3-BF4B-00C04F79EFBC}") = "Test", "Setup\Test\Test.csproj", "{930A5D30-4081-4295-A6F0-C08FF0F536BD}"
EndProject
Project("{2150E333-8FDC-42A3-9474-1A3956D46DE8}") = "App", "App", "{1727BF23-425C-44E6-ABA9-CE80E8FA078B}"
EndProject
Project("{FAE04EC0-301F-11D3-BF4B-00C04F79EFBC}") = "ParserEngine", "ParserEngine\ParserEngine.csproj", "{0D2BCAEA-A059-40C2-9E2F-964ED256A70C}"
EndProject
Global
	GlobalSection(SolutionConfigurationPlatforms) = preSolution
		Debug|Any CPU = Debug|Any CPU
		Release|Any CPU = Release|Any CPU
	EndGlobalSection
	GlobalSection(ProjectConfigurationPlatforms) = postSolution
		{48463D14-95E3-4EDF-BD8C-0333523F5F4B}.Debug|Any CPU.ActiveCfg = Debug|Any CPU
		{48463D14-95E3-4EDF-BD8C-0333523F5F4B}.Debug|Any CPU.Build.0 = Debug|Any CPU
		{48463D14-95E3-4EDF-BD8C-0333523F5F4B}.Release|Any CPU.ActiveCfg = Release|Any CPU
		{48463D14-95E3-4EDF-BD8C-0333523F5F4B}.Release|Any CPU.Build.0 = Release|Any CPU
		{930A5D30-4081-4295-A6F0-C08FF0F536BD}.Debug|Any CPU.ActiveCfg = Debug|Any CPU
		{930A5D30-4081-4295-A6F0-C08FF0F536BD}.Debug|Any CPU.Build.0 = Debug|Any CPU
		{930A5D30-4081-4295-A6F0-C08FF0F536BD}.Release|Any CPU.ActiveCfg = Release|Any CPU
		{930A5D30-4081-4295-A6F0-C08FF0F536BD}.Release|Any CPU.Build.0 = Release|Any CPU
		{0D2BCAEA-A059-40C2-9E2F-964ED256A70C}.Debug|Any CPU.ActiveCfg = Debug|Any CPU
		{0D2BCAEA-A059-40C2-9E2F-964ED256A70C}.Debug|Any CPU.Build.0 = Debug|Any CPU
		{0D2BCAEA-A059-40C2-9E2F-964ED256A70C}.Release|Any CPU.ActiveCfg = Release|Any CPU
		{0D2BCAEA-A059-40C2-9E2F-964ED256A70C}.Release|Any CPU.Build.0 = Release|Any CPU
	EndGlobalSection
	GlobalSection(SolutionProperties) = preSolution
		HideSolutionNode = FALSE
	EndGlobalSection
	GlobalSection(NestedProjects) = preSolution
		{48463D14-95E3-4EDF-BD8C-0333523F5F4B} = {1727BF23-425C-44E6-ABA9-CE80E8FA078B}
		{930A5D30-4081-4295-A6F0-C08FF0F536BD} = {8E87C6D9-BC8A-4650-AB9E-20C9FF331951}
		{0D2BCAEA-A059-40C2-9E2F-964ED256A70C} = {1727BF23-425C-44E6-ABA9-CE80E8FA078B}
	EndGlobalSection
	GlobalSection(ExtensibilityGlobals) = postSolution
		SolutionGuid = {3AEC4418-1CD2-4885-AE68-FAA1255A2A62}
	EndGlobalSection
EndGlobal
